
Microsoft Visual Studio Solution File, Format Version 12.00
# Visual Studio Version 16
VisualStudioVersion = 16.0.33927.289
MinimumVisualStudioVersion = 10.0.40219.1
Project("{2150E333-8FDC-42A3-9474-1A3956D46DE8}") = "Task0", "Task0", "{D845B25D-82BD-45C2-A1FE-64CC57B4A5DF}"
EndProject
Project("{FAE04EC0-301F-11D3-BF4B-00C04F79EFBC}") = "Tyuiu.HodakovNA.Sprint5.Task0.V4", "Tyuiu.HodakovNA.Sprint5.Task0.V4\Tyuiu.HodakovNA.Sprint5.Task0.V4.csproj", "{042CD8C0-25C0-4F2C-AC44-D4BAFC26F852}"
EndProject
Project("{FAE04EC0-301F-11D3-BF4B-00C04F79EFBC}") = "Tyuiu.HodakovNA.Sprint5.Task0.V4.Lib", "Tyuiu.HodakovNA.Sprint5.Task0.V4.Lib\Tyuiu.HodakovNA.Sprint5.Task0.V4.Lib.csproj", "{19D3205B-3E59-4653-B6C0-3F85A0E5D4E3}"
EndProject
Project("{FAE04EC0-301F-11D3-BF4B-00C04F79EFBC}") = "Tyuiu.HodakovNA.Sprint5.Task0.V4.Test", "Tyuiu.HodakovNA.Sprint5.Task0.V4.Test\Tyuiu.HodakovNA.Sprint5.Task0.V4.Test.csproj", "{F066ABF5-6973-49A1-A5FE-EBA653380824}"
EndProject
Project("{2150E333-8FDC-42A3-9474-1A3956D46DE8}") = "Task1", "Task1", "{2545D4E8-B69F-4B6F-B255-2CD9BAFB7ABC}"
EndProject
Project("{2150E333-8FDC-42A3-9474-1A3956D46DE8}") = "Task2", "Task2", "{725DAA66-7298-4D46-9090-D7C1C4B4EB2B}"
EndProject
Project("{2150E333-8FDC-42A3-9474-1A3956D46DE8}") = "Task3", "Task3", "{B8083D3C-6FD2-44EE-BBE0-740844E597B3}"
EndProject
Project("{2150E333-8FDC-42A3-9474-1A3956D46DE8}") = "Task4", "Task4", "{62B97AC7-876C-4320-B177-90A837B2BD98}"
EndProject
Project("{2150E333-8FDC-42A3-9474-1A3956D46DE8}") = "Task5", "Task5", "{E04D57E8-8DB7-4DF0-9A68-665006AB5DEF}"
EndProject
Project("{2150E333-8FDC-42A3-9474-1A3956D46DE8}") = "Task6", "Task6", "{245D24D9-EB3C-4509-BC45-8830E733CFB2}"
EndProject
Project("{2150E333-8FDC-42A3-9474-1A3956D46DE8}") = "Task7", "Task7", "{BE755EDF-8D98-418B-80B8-77047BADBEB7}"
EndProject
Project("{FAE04EC0-301F-11D3-BF4B-00C04F79EFBC}") = "Tyuiu.HodakovNA.Sprint5.Task1.V1", "Tyuiu.HodakovNA.Sprint5.Task1.V1\Tyuiu.HodakovNA.Sprint5.Task1.V1.csproj", "{FFBFB4BB-ADF8-4A5E-998C-23CA70C08C58}"
EndProject
Project("{FAE04EC0-301F-11D3-BF4B-00C04F79EFBC}") = "Tyuiu.HodakovNA.Sprint5.Task1.V1.Lib", "Tyuiu.HodakovNA.Sprint5.Task1.V1.Lib\Tyuiu.HodakovNA.Sprint5.Task1.V1.Lib.csproj", "{E9C55432-58A9-46A2-8CFE-7ACF89256E96}"
EndProject
Project("{FAE04EC0-301F-11D3-BF4B-00C04F79EFBC}") = "Tyuiu.HodakovNA.Sprint5.Task1.V1.Test", "Tyuiu.HodakovNA.Sprint5.Task1.V1.Test\Tyuiu.HodakovNA.Sprint5.Task1.V1.Test.csproj", "{61305A1F-57DB-4E80-80BF-31DE7ED8CA46}"
EndProject
Project("{FAE04EC0-301F-11D3-BF4B-00C04F79EFBC}") = "Tyuiu.HodakovNA.Sprint5.Task2.V12", "Tyuiu.HodakovNA.Sprint5.Task2.V12\Tyuiu.HodakovNA.Sprint5.Task2.V12.csproj", "{B1D4BE03-D610-46CF-874F-074B621EB8DD}"
EndProject
Project("{FAE04EC0-301F-11D3-BF4B-00C04F79EFBC}") = "Tyuiu.HodakovNA.Sprint5.Task2.V12.Lib", "Tyuiu.HodakovNA.Sprint5.Task2.V12.Lib\Tyuiu.HodakovNA.Sprint5.Task2.V12.Lib.csproj", "{CEDD52B3-4BA0-482C-B8D3-D4C4F4651AA6}"
EndProject
Project("{FAE04EC0-301F-11D3-BF4B-00C04F79EFBC}") = "Tyuiu.HodakovNA.Sprint5.Task2.V12.Test", "Tyuiu.HodakovNA.Sprint5.Task2.V12.Test\Tyuiu.HodakovNA.Sprint5.Task2.V12.Test.csproj", "{B8F54B60-703B-47E0-AAE6-0332A884CC05}"
EndProject
Project("{FAE04EC0-301F-11D3-BF4B-00C04F79EFBC}") = "Tyuiu.HodakovNA.Sprint5.Task3.V21", "Tyuiu.HodakovNA.Sprint5.Task3.V21\Tyuiu.HodakovNA.Sprint5.Task3.V21.csproj", "{893A4034-604E-4916-97A8-C4E4EBA1ADC9}"
EndProject
Project("{FAE04EC0-301F-11D3-BF4B-00C04F79EFBC}") = "Tyuiu.HodakovNA.Sprint5.Task3.V21.Lib", "Tyuiu.HodakovNA.Sprint5.Task3.V21.Lib\Tyuiu.HodakovNA.Sprint5.Task3.V21.Lib.csproj", "{9AE345E0-6880-47B6-8BED-5A60680AA6FF}"
EndProject
Project("{FAE04EC0-301F-11D3-BF4B-00C04F79EFBC}") = "Tyuiu.HodakovNA.Sprint5.Task3.V21.Test", "Tyuiu.HodakovNA.Sprint5.Task3.V21.Test\Tyuiu.HodakovNA.Sprint5.Task3.V21.Test.csproj", "{F8AC52D4-B5AA-43E8-8124-01C66A1E17BA}"
EndProject
Project("{FAE04EC0-301F-11D3-BF4B-00C04F79EFBC}") = "Tyuiu.HodakovaNA.Sprint5.Task4.V10", "Tyuiu.HodakovaNA.Sprint5.Task4.V10\Tyuiu.HodakovaNA.Sprint5.Task4.V10.csproj", "{5E08207D-D827-4DD9-B569-CD3102B917E2}"
EndProject
Project("{FAE04EC0-301F-11D3-BF4B-00C04F79EFBC}") = "Tyuiu.HodakovaNA.Sprint5.Task4.V10.Lib", "Tyuiu.HodakovaNA.Sprint5.Task4.V10.Lib\Tyuiu.HodakovaNA.Sprint5.Task4.V10.Lib.csproj", "{E8D68B29-3007-4CCA-87F2-B8CD96E15D8B}"
EndProject
Project("{FAE04EC0-301F-11D3-BF4B-00C04F79EFBC}") = "Tyuiu.HodakovaNA.Sprint5.Task4.V10.Test", "Tyuiu.HodakovaNA.Sprint5.Task4.V10.Test\Tyuiu.HodakovaNA.Sprint5.Task4.V10.Test.csproj", "{828B798F-5F66-4B7C-BA60-AC69462DD5D3}"
EndProject
Global
	GlobalSection(SolutionConfigurationPlatforms) = preSolution
		Debug|Any CPU = Debug|Any CPU
		Release|Any CPU = Release|Any CPU
	EndGlobalSection
	GlobalSection(ProjectConfigurationPlatforms) = postSolution
		{042CD8C0-25C0-4F2C-AC44-D4BAFC26F852}.Debug|Any CPU.ActiveCfg = Debug|Any CPU
		{042CD8C0-25C0-4F2C-AC44-D4BAFC26F852}.Debug|Any CPU.Build.0 = Debug|Any CPU
		{042CD8C0-25C0-4F2C-AC44-D4BAFC26F852}.Release|Any CPU.ActiveCfg = Release|Any CPU
		{042CD8C0-25C0-4F2C-AC44-D4BAFC26F852}.Release|Any CPU.Build.0 = Release|Any CPU
		{19D3205B-3E59-4653-B6C0-3F85A0E5D4E3}.Debug|Any CPU.ActiveCfg = Debug|Any CPU
		{19D3205B-3E59-4653-B6C0-3F85A0E5D4E3}.Debug|Any CPU.Build.0 = Debug|Any CPU
		{19D3205B-3E59-4653-B6C0-3F85A0E5D4E3}.Release|Any CPU.ActiveCfg = Release|Any CPU
		{19D3205B-3E59-4653-B6C0-3F85A0E5D4E3}.Release|Any CPU.Build.0 = Release|Any CPU
		{F066ABF5-6973-49A1-A5FE-EBA653380824}.Debug|Any CPU.ActiveCfg = Debug|Any CPU
		{F066ABF5-6973-49A1-A5FE-EBA653380824}.Debug|Any CPU.Build.0 = Debug|Any CPU
		{F066ABF5-6973-49A1-A5FE-EBA653380824}.Release|Any CPU.ActiveCfg = Release|Any CPU
		{F066ABF5-6973-49A1-A5FE-EBA653380824}.Release|Any CPU.Build.0 = Release|Any CPU
		{FFBFB4BB-ADF8-4A5E-998C-23CA70C08C58}.Debug|Any CPU.ActiveCfg = Debug|Any CPU
		{FFBFB4BB-ADF8-4A5E-998C-23CA70C08C58}.Debug|Any CPU.Build.0 = Debug|Any CPU
		{FFBFB4BB-ADF8-4A5E-998C-23CA70C08C58}.Release|Any CPU.ActiveCfg = Release|Any CPU
		{FFBFB4BB-ADF8-4A5E-998C-23CA70C08C58}.Release|Any CPU.Build.0 = Release|Any CPU
		{E9C55432-58A9-46A2-8CFE-7ACF89256E96}.Debug|Any CPU.ActiveCfg = Debug|Any CPU
		{E9C55432-58A9-46A2-8CFE-7ACF89256E96}.Debug|Any CPU.Build.0 = Debug|Any CPU
		{E9C55432-58A9-46A2-8CFE-7ACF89256E96}.Release|Any CPU.ActiveCfg = Release|Any CPU
		{E9C55432-58A9-46A2-8CFE-7ACF89256E96}.Release|Any CPU.Build.0 = Release|Any CPU
		{61305A1F-57DB-4E80-80BF-31DE7ED8CA46}.Debug|Any CPU.ActiveCfg = Debug|Any CPU
		{61305A1F-57DB-4E80-80BF-31DE7ED8CA46}.Debug|Any CPU.Build.0 = Debug|Any CPU
		{61305A1F-57DB-4E80-80BF-31DE7ED8CA46}.Release|Any CPU.ActiveCfg = Release|Any CPU
		{61305A1F-57DB-4E80-80BF-31DE7ED8CA46}.Release|Any CPU.Build.0 = Release|Any CPU
		{B1D4BE03-D610-46CF-874F-074B621EB8DD}.Debug|Any CPU.ActiveCfg = Debug|Any CPU
		{B1D4BE03-D610-46CF-874F-074B621EB8DD}.Debug|Any CPU.Build.0 = Debug|Any CPU
		{B1D4BE03-D610-46CF-874F-074B621EB8DD}.Release|Any CPU.ActiveCfg = Release|Any CPU
		{B1D4BE03-D610-46CF-874F-074B621EB8DD}.Release|Any CPU.Build.0 = Release|Any CPU
		{CEDD52B3-4BA0-482C-B8D3-D4C4F4651AA6}.Debug|Any CPU.ActiveCfg = Debug|Any CPU
		{CEDD52B3-4BA0-482C-B8D3-D4C4F4651AA6}.Debug|Any CPU.Build.0 = Debug|Any CPU
		{CEDD52B3-4BA0-482C-B8D3-D4C4F4651AA6}.Release|Any CPU.ActiveCfg = Release|Any CPU
		{CEDD52B3-4BA0-482C-B8D3-D4C4F4651AA6}.Release|Any CPU.Build.0 = Release|Any CPU
		{B8F54B60-703B-47E0-AAE6-0332A884CC05}.Debug|Any CPU.ActiveCfg = Debug|Any CPU
		{B8F54B60-703B-47E0-AAE6-0332A884CC05}.Debug|Any CPU.Build.0 = Debug|Any CPU
		{B8F54B60-703B-47E0-AAE6-0332A884CC05}.Release|Any CPU.ActiveCfg = Release|Any CPU
		{B8F54B60-703B-47E0-AAE6-0332A884CC05}.Release|Any CPU.Build.0 = Release|Any CPU
		{893A4034-604E-4916-97A8-C4E4EBA1ADC9}.Debug|Any CPU.ActiveCfg = Debug|Any CPU
		{893A4034-604E-4916-97A8-C4E4EBA1ADC9}.Debug|Any CPU.Build.0 = Debug|Any CPU
		{893A4034-604E-4916-97A8-C4E4EBA1ADC9}.Release|Any CPU.ActiveCfg = Release|Any CPU
		{893A4034-604E-4916-97A8-C4E4EBA1ADC9}.Release|Any CPU.Build.0 = Release|Any CPU
		{9AE345E0-6880-47B6-8BED-5A60680AA6FF}.Debug|Any CPU.ActiveCfg = Debug|Any CPU
		{9AE345E0-6880-47B6-8BED-5A60680AA6FF}.Debug|Any CPU.Build.0 = Debug|Any CPU
		{9AE345E0-6880-47B6-8BED-5A60680AA6FF}.Release|Any CPU.ActiveCfg = Release|Any CPU
		{9AE345E0-6880-47B6-8BED-5A60680AA6FF}.Release|Any CPU.Build.0 = Release|Any CPU
		{F8AC52D4-B5AA-43E8-8124-01C66A1E17BA}.Debug|Any CPU.ActiveCfg = Debug|Any CPU
		{F8AC52D4-B5AA-43E8-8124-01C66A1E17BA}.Debug|Any CPU.Build.0 = Debug|Any CPU
		{F8AC52D4-B5AA-43E8-8124-01C66A1E17BA}.Release|Any CPU.ActiveCfg = Release|Any CPU
		{F8AC52D4-B5AA-43E8-8124-01C66A1E17BA}.Release|Any CPU.Build.0 = Release|Any CPU
		{5E08207D-D827-4DD9-B569-CD3102B917E2}.Debug|Any CPU.ActiveCfg = Debug|Any CPU
		{5E08207D-D827-4DD9-B569-CD3102B917E2}.Debug|Any CPU.Build.0 = Debug|Any CPU
		{5E08207D-D827-4DD9-B569-CD3102B917E2}.Release|Any CPU.ActiveCfg = Release|Any CPU
		{5E08207D-D827-4DD9-B569-CD3102B917E2}.Release|Any CPU.Build.0 = Release|Any CPU
		{E8D68B29-3007-4CCA-87F2-B8CD96E15D8B}.Debug|Any CPU.ActiveCfg = Debug|Any CPU
		{E8D68B29-3007-4CCA-87F2-B8CD96E15D8B}.Debug|Any CPU.Build.0 = Debug|Any CPU
		{E8D68B29-3007-4CCA-87F2-B8CD96E15D8B}.Release|Any CPU.ActiveCfg = Release|Any CPU
		{E8D68B29-3007-4CCA-87F2-B8CD96E15D8B}.Release|Any CPU.Build.0 = Release|Any CPU
		{828B798F-5F66-4B7C-BA60-AC69462DD5D3}.Debug|Any CPU.ActiveCfg = Debug|Any CPU
		{828B798F-5F66-4B7C-BA60-AC69462DD5D3}.Debug|Any CPU.Build.0 = Debug|Any CPU
		{828B798F-5F66-4B7C-BA60-AC69462DD5D3}.Release|Any CPU.ActiveCfg = Release|Any CPU
		{828B798F-5F66-4B7C-BA60-AC69462DD5D3}.Release|Any CPU.Build.0 = Release|Any CPU
	EndGlobalSection
	GlobalSection(SolutionProperties) = preSolution
		HideSolutionNode = FALSE
	EndGlobalSection
	GlobalSection(NestedProjects) = preSolution
		{042CD8C0-25C0-4F2C-AC44-D4BAFC26F852} = {D845B25D-82BD-45C2-A1FE-64CC57B4A5DF}
		{19D3205B-3E59-4653-B6C0-3F85A0E5D4E3} = {D845B25D-82BD-45C2-A1FE-64CC57B4A5DF}
		{F066ABF5-6973-49A1-A5FE-EBA653380824} = {D845B25D-82BD-45C2-A1FE-64CC57B4A5DF}
		{FFBFB4BB-ADF8-4A5E-998C-23CA70C08C58} = {2545D4E8-B69F-4B6F-B255-2CD9BAFB7ABC}
		{E9C55432-58A9-46A2-8CFE-7ACF89256E96} = {2545D4E8-B69F-4B6F-B255-2CD9BAFB7ABC}
		{61305A1F-57DB-4E80-80BF-31DE7ED8CA46} = {2545D4E8-B69F-4B6F-B255-2CD9BAFB7ABC}
		{B1D4BE03-D610-46CF-874F-074B621EB8DD} = {725DAA66-7298-4D46-9090-D7C1C4B4EB2B}
		{CEDD52B3-4BA0-482C-B8D3-D4C4F4651AA6} = {725DAA66-7298-4D46-9090-D7C1C4B4EB2B}
		{B8F54B60-703B-47E0-AAE6-0332A884CC05} = {725DAA66-7298-4D46-9090-D7C1C4B4EB2B}
		{893A4034-604E-4916-97A8-C4E4EBA1ADC9} = {B8083D3C-6FD2-44EE-BBE0-740844E597B3}
		{9AE345E0-6880-47B6-8BED-5A60680AA6FF} = {B8083D3C-6FD2-44EE-BBE0-740844E597B3}
		{F8AC52D4-B5AA-43E8-8124-01C66A1E17BA} = {B8083D3C-6FD2-44EE-BBE0-740844E597B3}
		{5E08207D-D827-4DD9-B569-CD3102B917E2} = {62B97AC7-876C-4320-B177-90A837B2BD98}
		{E8D68B29-3007-4CCA-87F2-B8CD96E15D8B} = {62B97AC7-876C-4320-B177-90A837B2BD98}
		{828B798F-5F66-4B7C-BA60-AC69462DD5D3} = {62B97AC7-876C-4320-B177-90A837B2BD98}
	EndGlobalSection
	GlobalSection(ExtensibilityGlobals) = postSolution
		SolutionGuid = {A581AED5-081F-4C99-B5CD-CF47E6229383}
	EndGlobalSection
EndGlobal
